
Microsoft Visual Studio Solution File, Format Version 12.00
# Visual Studio Version 17
VisualStudioVersion = 17.7.34031.279
MinimumVisualStudioVersion = 10.0.40219.1
Project("{FAE04EC0-301F-11D3-BF4B-00C04F79EFBC}") = "N5Company.Security.API", "N5Company.Security.API\N5Company.Security.API.csproj", "{A98CED5A-8326-420C-9C31-428B80CC2EC5}"
EndProject
Project("{FAE04EC0-301F-11D3-BF4B-00C04F79EFBC}") = "N5Company.Security.Repository", "N5Company.Security.Repository\N5Company.Security.Repository.csproj", "{7EF4AF6E-6ADC-4C26-A3BE-4D58298FE5F9}"
EndProject
Project("{FAE04EC0-301F-11D3-BF4B-00C04F79EFBC}") = "N5Company.Security.Kafka", "N5Company.Security.Kafka\N5Company.Security.Kafka.csproj", "{B4F0A2A8-133F-42B4-A82D-8351BDA68773}"
EndProject
Project("{FAE04EC0-301F-11D3-BF4B-00C04F79EFBC}") = "N5Company.Security.Elasticsearch", "N5Company.Security.Elasticsearch\N5Company.Security.Elasticsearch.csproj", "{507100DE-4D54-4A96-9B9A-CD084C5526A8}"
EndProject
Project("{54A90642-561A-4BB1-A94E-469ADEE60C69}") = "n5company.security.ui", "N5Company.Security.UI\n5company.security.ui.esproj", "{DA2F798F-E094-40B0-840F-6622E05C3CDB}"
EndProject
Project("{E53339B2-1760-4266-BCC7-CA923CBCF16C}") = "docker-compose", "docker-compose.dcproj", "{D84223C1-AC54-4E06-833D-A97803CF5940}"
EndProject
Global
	GlobalSection(SolutionConfigurationPlatforms) = preSolution
		Debug|Any CPU = Debug|Any CPU
		Release|Any CPU = Release|Any CPU
	EndGlobalSection
	GlobalSection(ProjectConfigurationPlatforms) = postSolution
		{A98CED5A-8326-420C-9C31-428B80CC2EC5}.Debug|Any CPU.ActiveCfg = Debug|Any CPU
		{A98CED5A-8326-420C-9C31-428B80CC2EC5}.Debug|Any CPU.Build.0 = Debug|Any CPU
		{A98CED5A-8326-420C-9C31-428B80CC2EC5}.Release|Any CPU.ActiveCfg = Release|Any CPU
		{A98CED5A-8326-420C-9C31-428B80CC2EC5}.Release|Any CPU.Build.0 = Release|Any CPU
		{7EF4AF6E-6ADC-4C26-A3BE-4D58298FE5F9}.Debug|Any CPU.ActiveCfg = Debug|Any CPU
		{7EF4AF6E-6ADC-4C26-A3BE-4D58298FE5F9}.Debug|Any CPU.Build.0 = Debug|Any CPU
		{7EF4AF6E-6ADC-4C26-A3BE-4D58298FE5F9}.Release|Any CPU.ActiveCfg = Release|Any CPU
		{7EF4AF6E-6ADC-4C26-A3BE-4D58298FE5F9}.Release|Any CPU.Build.0 = Release|Any CPU
		{B4F0A2A8-133F-42B4-A82D-8351BDA68773}.Debug|Any CPU.ActiveCfg = Debug|Any CPU
		{B4F0A2A8-133F-42B4-A82D-8351BDA68773}.Debug|Any CPU.Build.0 = Debug|Any CPU
		{B4F0A2A8-133F-42B4-A82D-8351BDA68773}.Release|Any CPU.ActiveCfg = Release|Any CPU
		{B4F0A2A8-133F-42B4-A82D-8351BDA68773}.Release|Any CPU.Build.0 = Release|Any CPU
		{507100DE-4D54-4A96-9B9A-CD084C5526A8}.Debug|Any CPU.ActiveCfg = Debug|Any CPU
		{507100DE-4D54-4A96-9B9A-CD084C5526A8}.Debug|Any CPU.Build.0 = Debug|Any CPU
		{507100DE-4D54-4A96-9B9A-CD084C5526A8}.Release|Any CPU.ActiveCfg = Release|Any CPU
		{507100DE-4D54-4A96-9B9A-CD084C5526A8}.Release|Any CPU.Build.0 = Release|Any CPU
		{DA2F798F-E094-40B0-840F-6622E05C3CDB}.Debug|Any CPU.ActiveCfg = Debug|Any CPU
		{DA2F798F-E094-40B0-840F-6622E05C3CDB}.Debug|Any CPU.Build.0 = Debug|Any CPU
		{DA2F798F-E094-40B0-840F-6622E05C3CDB}.Debug|Any CPU.Deploy.0 = Debug|Any CPU
		{DA2F798F-E094-40B0-840F-6622E05C3CDB}.Release|Any CPU.ActiveCfg = Release|Any CPU
		{DA2F798F-E094-40B0-840F-6622E05C3CDB}.Release|Any CPU.Build.0 = Release|Any CPU
		{DA2F798F-E094-40B0-840F-6622E05C3CDB}.Release|Any CPU.Deploy.0 = Release|Any CPU
		{D84223C1-AC54-4E06-833D-A97803CF5940}.Debug|Any CPU.ActiveCfg = Debug|Any CPU
		{D84223C1-AC54-4E06-833D-A97803CF5940}.Debug|Any CPU.Build.0 = Debug|Any CPU
		{D84223C1-AC54-4E06-833D-A97803CF5940}.Release|Any CPU.ActiveCfg = Release|Any CPU
		{D84223C1-AC54-4E06-833D-A97803CF5940}.Release|Any CPU.Build.0 = Release|Any CPU
	EndGlobalSection
	GlobalSection(SolutionProperties) = preSolution
		HideSolutionNode = FALSE
	EndGlobalSection
	GlobalSection(ExtensibilityGlobals) = postSolution
		SolutionGuid = {05D00481-7CBA-46FD-AC16-1761C091A2FA}
	EndGlobalSection
EndGlobal
